[[package]]
category = "main"
description = "An animated and smart Progress Bar for python."
name = "alive-progress"
optional = false
python-versions = ">=2.7, <4"
version = "1.3.3"

[[package]]
category = "dev"
description = "Disable App Nap on OS X 10.9"
marker = "python_version >= \"3.4\" and sys_platform == \"darwin\" or sys_platform == \"darwin\""
name = "appnope"
optional = false
python-versions = "*"
version = "0.1.0"

[[package]]
category = "dev"
description = "Annotate AST trees with source code positions"
name = "asttokens"
optional = false
python-versions = "*"
version = "2.0.3"

[package.dependencies]
six = "*"

[package.extras]
test = ["astroid", "pytest"]

[[package]]
category = "dev"
description = "Specifications for callback functions passed in to an API"
name = "backcall"
optional = false
python-versions = "*"
version = "0.1.0"

[[package]]
category = "main"
description = "Screen-scraping library"
name = "beautifulsoup4"
optional = false
python-versions = "*"
version = "4.8.2"

[package.dependencies]
soupsieve = ">=1.2"

[package.extras]
html5lib = ["html5lib"]
lxml = ["lxml"]

[[package]]
category = "main"
description = "Python package for providing Mozilla's CA Bundle."
name = "certifi"
optional = false
python-versions = "*"
version = "2019.11.28"

[[package]]
category = "main"
description = "Universal encoding detector for Python 2 and 3"
name = "chardet"
optional = false
python-versions = "*"
version = "3.0.4"

[[package]]
category = "dev"
description = "Better version of repr/reprlib for short, cheap string representations."
name = "cheap-repr"
optional = false
python-versions = "*"
version = "0.4.1"

[[package]]
category = "dev"
description = "Cross-platform colored terminal text."
marker = "python_version >= \"3.4\" and sys_platform == \"win32\" or sys_platform == \"win32\""
name = "colorama"
optional = false
python-versions = ">=2.7, !=3.0.*, !=3.1.*, !=3.2.*, !=3.3.*, !=3.4.*"
version = "0.4.3"

[[package]]
category = "main"
description = "Decorators for Humans"
name = "decorator"
optional = false
python-versions = ">=2.6, !=3.0.*, !=3.1.*"
version = "4.4.2"

[[package]]
category = "main"
description = "Library for audio and music analysis, description and synthesis"
name = "essentia"
optional = false
python-versions = "*"
version = "2.1b6.dev184"

[package.dependencies]
numpy = ">=1.8.2"
pyyaml = "*"
six = "*"

[[package]]
category = "dev"
description = "Get the currently executing AST node of a frame, and other information"
name = "executing"
optional = false
python-versions = "*"
version = "0.4.2"

[[package]]
category = "main"
description = "Internationalized Domain Names in Applications (IDNA)"
name = "idna"
optional = false
python-versions = ">=2.7, !=3.0.*, !=3.1.*, !=3.2.*, !=3.3.*"
version = "2.9"

[[package]]
category = "dev"
description = "IPython-enabled pdb"
name = "ipdb"
optional = false
python-versions = ">=2.7"
version = "0.13.2"

[package.dependencies]
setuptools = "*"

[package.dependencies.ipython]
python = ">=3.4"
version = ">=5.1.0"

[[package]]
category = "dev"
description = "IPython: Productive Interactive Computing"
name = "ipython"
optional = false
python-versions = ">=3.6"
version = "7.13.0"

[package.dependencies]
appnope = "*"
backcall = "*"
colorama = "*"
decorator = "*"
jedi = ">=0.10"
pexpect = "*"
pickleshare = "*"
prompt-toolkit = ">=2.0.0,<3.0.0 || >3.0.0,<3.0.1 || >3.0.1,<3.1.0"
pygments = "*"
setuptools = ">=18.5"
traitlets = ">=4.2"

[package.extras]
all = ["numpy (>=1.14)", "testpath", "notebook", "nose (>=0.10.1)", "nbconvert", "requests", "ipywidgets", "qtconsole", "ipyparallel", "Sphinx (>=1.3)", "pygments", "nbformat", "ipykernel"]
doc = ["Sphinx (>=1.3)"]
kernel = ["ipykernel"]
nbconvert = ["nbconvert"]
nbformat = ["nbformat"]
notebook = ["notebook", "ipywidgets"]
parallel = ["ipyparallel"]
qtconsole = ["qtconsole"]
test = ["nose (>=0.10.1)", "requests", "testpath", "pygments", "nbformat", "ipykernel", "numpy (>=1.14)"]

[[package]]
category = "dev"
description = "Vestigial utilities from IPython"
name = "ipython-genutils"
optional = false
python-versions = "*"
version = "0.2.0"

[[package]]
category = "dev"
description = "An autocompletion tool for Python that can be used for text editors."
name = "jedi"
optional = false
python-versions = ">=2.7, !=3.0.*, !=3.1.*, !=3.2.*, !=3.3.*"
version = "0.16.0"

[package.dependencies]
parso = ">=0.5.2"

[package.extras]
qa = ["flake8 (3.7.9)"]
testing = ["colorama (0.4.1)", "docopt", "pytest (>=3.9.0,<5.0.0)"]

[[package]]
category = "main"
description = "Lightweight pipelining: using Python functions as pipeline jobs."
name = "joblib"
optional = false
python-versions = "*"
version = "0.14.1"

[[package]]
category = "main"
description = "Python lib for the Mega.co.nz API"
name = "mega.py"
optional = false
python-versions = "*"
version = "1.0.6"

[package.dependencies]
pathlib = "1.0.1"
pycryptodome = ">=3.9.6,<4.0.0"
requests = ">=0.10"
tenacity = ">=5.1.5,<6.0.0"

[[package]]
category = "main"
description = "MIDI Objects for Python"
name = "mido"
optional = false
python-versions = "*"
version = "1.2.9"

[package.extras]
dev = ["check-manifest (>=0.35)", "flake8 (>=3.4.1)", "pytest (>=3.2.2)", "sphinx (>=1.6.3)", "tox (>=2.8.2)"]
ports = ["python-rtmidi (>=1.1.0)"]

[[package]]
category = "main"
description = "NumPy is the fundamental package for array computing with Python."
name = "numpy"
optional = false
python-versions = ">=3.5"
version = "1.18.1"

[[package]]
category = "dev"
description = "A Python Parser"
name = "parso"
optional = false
python-versions = ">=2.7, !=3.0.*, !=3.1.*, !=3.2.*, !=3.3.*"
version = "0.6.2"

[package.extras]
testing = ["docopt", "pytest (>=3.0.7)"]

[[package]]
category = "main"
description = "Object-oriented filesystem paths"
name = "pathlib"
optional = false
python-versions = "*"
version = "1.0.1"

[[package]]
category = "dev"
description = "Pexpect allows easy control of interactive console applications."
marker = "python_version >= \"3.4\" and sys_platform != \"win32\" or sys_platform != \"win32\""
name = "pexpect"
optional = false
python-versions = "*"
version = "4.8.0"

[package.dependencies]
ptyprocess = ">=0.5"

[[package]]
category = "dev"
description = "Tiny 'shelve'-like database with concurrency support"
name = "pickleshare"
optional = false
python-versions = "*"
version = "0.7.5"

[[package]]
category = "main"
description = "An open-source, interactive graphing library for Python"
name = "plotly"
optional = false
python-versions = "*"
version = "4.5.2"

[package.dependencies]
retrying = ">=1.3.3"
six = "*"

[[package]]
category = "main"
description = "Functions and classes for handling MIDI data conveniently."
name = "pretty-midi"
optional = false
python-versions = "*"
version = "0.2.8"

[package.dependencies]
mido = ">=1.1.16"
numpy = ">=1.7.0"
six = "*"

[[package]]
category = "main"
description = "Library for building powerful interactive command lines in Python"
name = "prompt-toolkit"
optional = false
python-versions = ">=3.6"
version = "3.0.3"

[package.dependencies]
wcwidth = "*"

[[package]]
category = "dev"
description = "Run a subprocess in a pseudo terminal"
marker = "python_version >= \"3.4\" and sys_platform != \"win32\" or sys_platform != \"win32\""
name = "ptyprocess"
optional = false
python-versions = "*"
version = "0.6.0"

[[package]]
category = "main"
description = "Cryptographic library for Python"
name = "pycryptodome"
optional = false
python-versions = ">=2.6, !=3.0.*, !=3.1.*, !=3.2.*, !=3.3.*"
version = "3.9.7"

[[package]]
category = "main"
description = "Pure-python FIGlet implementation"
name = "pyfiglet"
optional = false
python-versions = "*"
version = "0.8.post1"

[[package]]
category = "dev"
description = "Pygments is a syntax highlighting package written in Python."
name = "pygments"
optional = false
python-versions = ">=2.7, !=3.0.*, !=3.1.*, !=3.2.*, !=3.3.*, !=3.4.*"
version = "2.5.2"

[[package]]
category = "main"
description = "YAML parser and emitter for Python"
name = "pyyaml"
optional = false
python-versions = ">=2.7, !=3.0.*, !=3.1.*, !=3.2.*, !=3.3.*, !=3.4.*"
version = "5.3"

[[package]]
category = "main"
description = "Python HTTP for Humans."
name = "requests"
optional = false
python-versions = ">=2.7, !=3.0.*, !=3.1.*, !=3.2.*, !=3.3.*, !=3.4.*"
version = "2.23.0"

[package.dependencies]
certifi = ">=2017.4.17"
chardet = ">=3.0.2,<4"
idna = ">=2.5,<3"
urllib3 = ">=1.21.1,<1.25.0 || >1.25.0,<1.25.1 || >1.25.1,<1.26"

[package.extras]
security = ["pyOpenSSL (>=0.14)", "cryptography (>=1.3.4)"]
socks = ["PySocks (>=1.5.6,<1.5.7 || >1.5.7)", "win-inet-pton"]

[[package]]
category = "main"
description = "Retrying"
name = "retrying"
optional = false
python-versions = "*"
version = "1.3.3"

[package.dependencies]
six = ">=1.7.0"

[[package]]
category = "main"
description = "A set of python modules for machine learning and data mining"
name = "scikit-learn"
optional = false
python-versions = ">=3.5"
version = "0.22.2"

[package.dependencies]
joblib = ">=0.11"
numpy = ">=1.11.0"
scipy = ">=0.17.0"

[package.extras]
alldeps = ["numpy (>=1.11.0)", "scipy (>=0.17.0)"]

[[package]]
category = "main"
description = "SciPy: Scientific Library for Python"
name = "scipy"
optional = false
python-versions = ">=3.5"
version = "1.4.1"

[package.dependencies]
numpy = ">=1.13.3"

[[package]]
category = "main"
description = "Python 2 and 3 compatibility utilities"
name = "six"
optional = false
python-versions = ">=2.7, !=3.0.*, !=3.1.*, !=3.2.*"
version = "1.14.0"

[[package]]
category = "dev"
description = "Powerful debugging tools for Python"
name = "snoop"
optional = false
python-versions = "*"
version = "0.2.4"

[package.dependencies]
asttokens = "*"
cheap_repr = ">=0.4.0"
executing = "*"
pygments = "*"
six = "*"

[package.extras]
tests = ["pytest", "littleutils", "numpy (>=1.16.3)", "pandas (>=0.24.2)", "birdseye", "django"]

[[package]]
category = "main"
description = "A modern CSS selector implementation for Beautiful Soup."
name = "soupsieve"
optional = false
python-versions = ">=3.5"
version = "2.0"

[[package]]
category = "main"
description = "Retry code until it succeeeds"
name = "tenacity"
optional = false
python-versions = "*"
version = "5.1.5"

[package.dependencies]
six = ">=1.9.0"

[package.extras]
doc = ["reno", "sphinx", "tornado (>=4.5)"]

[[package]]
category = "dev"
description = "Traitlets Python config system"
name = "traitlets"
optional = false
python-versions = "*"
version = "4.3.3"

[package.dependencies]
decorator = "*"
ipython-genutils = "*"
six = "*"

[package.extras]
test = ["pytest", "mock"]

[[package]]
category = "main"
description = "HTTP library with thread-safe connection pooling, file post, and more."
name = "urllib3"
optional = false
python-versions = ">=2.7, !=3.0.*, !=3.1.*, !=3.2.*, !=3.3.*, !=3.4.*, <4"
version = "1.25.8"

[package.extras]
brotli = ["brotlipy (>=0.6.0)"]
secure = ["pyOpenSSL (>=0.14)", "cryptography (>=1.3.4)", "idna (>=2.0.0)", "certifi", "ipaddress"]
socks = ["PySocks (>=1.5.6,<1.5.7 || >1.5.7,<2.0)"]

[[package]]
category = "main"
description = "Measures number of Terminal column cells of wide-character codes"
name = "wcwidth"
optional = false
python-versions = "*"
version = "0.1.8"

[metadata]
content-hash = "59fde9280d90547b24f0d8ccbfd4fdff11075b679bfe6372c72b00f9355577dd"
python-versions = "^3.6.9"

[metadata.files]
alive-progress = [
    {file = "alive-progress-1.3.3.tar.gz", hash = "sha256:d28dc975134a499528ea61833e2bacb44de52d0ed1fe8124dd8d92027fd07f62"},
    {file = "alive_progress-1.3.3-py3-none-any.whl", hash = "sha256:e393f2f2955ccff3be4e60fbd6183e554be62b9e9f2e12bab8e3563a471daa24"},
]
appnope = [
    {file = "appnope-0.1.0-py2.py3-none-any.whl", hash = "sha256:5b26757dc6f79a3b7dc9fab95359328d5747fcb2409d331ea66d0272b90ab2a0"},
    {file = "appnope-0.1.0.tar.gz", hash = "sha256:8b995ffe925347a2138d7ac0fe77155e4311a0ea6d6da4f5128fe4b3cbe5ed71"},
]
asttokens = [
    {file = "asttokens-2.0.3-py2.py3-none-any.whl", hash = "sha256:f58af645756597143629a4ac1fe78bc670b4429018ad741ac1f4cfd4504fc436"},
    {file = "asttokens-2.0.3.tar.gz", hash = "sha256:284831ac3e33be743ca6ac018316b66abfd8b1a49d6366ce6c7b1fd07504a21b"},
]
backcall = [
    {file = "backcall-0.1.0.tar.gz", hash = "sha256:38ecd85be2c1e78f77fd91700c76e14667dc21e2713b63876c0eb901196e01e4"},
    {file = "backcall-0.1.0.zip", hash = "sha256:bbbf4b1e5cd2bdb08f915895b51081c041bac22394fdfcfdfbe9f14b77c08bf2"},
]
beautifulsoup4 = [
    {file = "beautifulsoup4-4.8.2-py2-none-any.whl", hash = "sha256:e1505eeed31b0f4ce2dbb3bc8eb256c04cc2b3b72af7d551a4ab6efd5cbe5dae"},
    {file = "beautifulsoup4-4.8.2-py3-none-any.whl", hash = "sha256:9fbb4d6e48ecd30bcacc5b63b94088192dcda178513b2ae3c394229f8911b887"},
    {file = "beautifulsoup4-4.8.2.tar.gz", hash = "sha256:05fd825eb01c290877657a56df4c6e4c311b3965bda790c613a3d6fb01a5462a"},
]
certifi = [
    {file = "certifi-2019.11.28-py2.py3-none-any.whl", hash = "sha256:017c25db2a153ce562900032d5bc68e9f191e44e9a0f762f373977de9df1fbb3"},
    {file = "certifi-2019.11.28.tar.gz", hash = "sha256:25b64c7da4cd7479594d035c08c2d809eb4aab3a26e5a990ea98cc450c320f1f"},
]
chardet = [
    {file = "chardet-3.0.4-py2.py3-none-any.whl", hash = "sha256:fc323ffcaeaed0e0a02bf4d117757b98aed530d9ed4531e3e15460124c106691"},
    {file = "chardet-3.0.4.tar.gz", hash = "sha256:84ab92ed1c4d4f16916e05906b6b75a6c0fb5db821cc65e70cbd64a3e2a5eaae"},
]
cheap-repr = [
    {file = "cheap_repr-0.4.1.tar.gz", hash = "sha256:675e6fc43bcad39f796f588d492bbc402baa4efde164fdb1b3f50264779278a6"},
]
colorama = [
    {file = "colorama-0.4.3-py2.py3-none-any.whl", hash = "sha256:7d73d2a99753107a36ac6b455ee49046802e59d9d076ef8e47b61499fa29afff"},
    {file = "colorama-0.4.3.tar.gz", hash = "sha256:e96da0d330793e2cb9485e9ddfd918d456036c7149416295932478192f4436a1"},
]
decorator = [
    {file = "decorator-4.4.2-py2.py3-none-any.whl", hash = "sha256:41fa54c2a0cc4ba648be4fd43cff00aedf5b9465c9bf18d64325bc225f08f760"},
    {file = "decorator-4.4.2.tar.gz", hash = "sha256:e3a62f0520172440ca0dcc823749319382e377f37f140a0b99ef45fecb84bfe7"},
]
essentia = [
    {file = "essentia-2.1b6.dev184-cp27-cp27m-manylinux1_i686.whl", hash = "sha256:f8eced9f758e42d7f5020a4c63be0d328a16e026e56bb0c772318dfb32289cbd"},
    {file = "essentia-2.1b6.dev184-cp27-cp27m-manylinux1_x86_64.whl", hash = "sha256:ccc7c3d1210955d6af32541042f7ca30f826a778c942238919b9e2523227adfe"},
    {file = "essentia-2.1b6.dev184-cp27-cp27mu-manylinux1_i686.whl", hash = "sha256:60c60224501bff13a49b50312a262756df790983c6a1d51de0ed224b7a4261db"},
    {file = "essentia-2.1b6.dev184-cp27-cp27mu-manylinux1_x86_64.whl", hash = "sha256:62f79cbf82d93c0ac69a13addd65aeb7b2af5c1bcd6273351536c4008c124f2b"},
    {file = "essentia-2.1b6.dev184-cp35-cp35m-manylinux1_i686.whl", hash = "sha256:dbdf5558fbaedc5f55520224eb7e1f48e8a3461eaa203f5446c02c2ca499de7c"},
    {file = "essentia-2.1b6.dev184-cp35-cp35m-manylinux1_x86_64.whl", hash = "sha256:157ba9d3be590f5bb59e9af279a918cf1dfd51473d3bf101f56e9b4fa39ad4d1"},
    {file = "essentia-2.1b6.dev184-cp36-cp36m-manylinux1_i686.whl", hash = "sha256:26ab4e84123fa0e47d9bc417ffd3305d00511e9b0728ea4c39fcdffc04f69dfb"},
    {file = "essentia-2.1b6.dev184-cp36-cp36m-manylinux1_x86_64.whl", hash = "sha256:3e254100149746a7ded3f137b3a4347a7ba38ae029f3f8904030fb55edd45778"},
    {file = "essentia-2.1b6.dev184-cp37-cp37m-manylinux1_i686.whl", hash = "sha256:c0a2c32a4dbc4b9ef85a6596d2d035a0b83d578770643ddafbf1db5b6c2b75c3"},
    {file = "essentia-2.1b6.dev184-cp37-cp37m-manylinux1_x86_64.whl", hash = "sha256:1b6d1ca0571d50b9be53cf67aea494f9ac0c2ab65f342cafa4dc906e95adb1b8"},
    {file = "essentia-2.1b6.dev184-cp38-cp38-manylinux1_i686.whl", hash = "sha256:484649f0e195e347b2c9aa44e7f64d3a2d08992fb590226ba4c18dbb25637d19"},
    {file = "essentia-2.1b6.dev184-cp38-cp38-manylinux1_x86_64.whl", hash = "sha256:90fed1d73cfb47092a0617b8474084ce0b6996a0574d6bd9e0fb1711408fd93f"},
    {file = "essentia-2.1b6.dev184.tar.gz", hash = "sha256:30ff4b07282e33dc0b0a601e179b29d4a985d9d64450dad717365a3bc8aa1b53"},
]
executing = [
    {file = "executing-0.4.2.tar.gz", hash = "sha256:da16e4b44d4d209ea9cfc63d68f3d105a38bb53ecf77d79ab5115867759b388f"},
]
idna = [
    {file = "idna-2.9-py2.py3-none-any.whl", hash = "sha256:a068a21ceac8a4d63dbfd964670474107f541babbd2250d61922f029858365fa"},
    {file = "idna-2.9.tar.gz", hash = "sha256:7588d1c14ae4c77d74036e8c22ff447b26d0fde8f007354fd48a7814db15b7cb"},
]
ipdb = [
    {file = "ipdb-0.13.2.tar.gz", hash = "sha256:77fb1c2a6fccdfee0136078c9ed6fe547ab00db00bebff181f1e8c9e13418d49"},
]
ipython = [
    {file = "ipython-7.13.0-py3-none-any.whl", hash = "sha256:eb8d075de37f678424527b5ef6ea23f7b80240ca031c2dd6de5879d687a65333"},
    {file = "ipython-7.13.0.tar.gz", hash = "sha256:ca478e52ae1f88da0102360e57e528b92f3ae4316aabac80a2cd7f7ab2efb48a"},
]
ipython-genutils = [
    {file = "ipython_genutils-0.2.0-py2.py3-none-any.whl", hash = "sha256:72dd37233799e619666c9f639a9da83c34013a73e8bbc79a7a6348d93c61fab8"},
    {file = "ipython_genutils-0.2.0.tar.gz", hash = "sha256:eb2e116e75ecef9d4d228fdc66af54269afa26ab4463042e33785b887c628ba8"},
]
jedi = [
    {file = "jedi-0.16.0-py2.py3-none-any.whl", hash = "sha256:b4f4052551025c6b0b0b193b29a6ff7bdb74c52450631206c262aef9f7159ad2"},
    {file = "jedi-0.16.0.tar.gz", hash = "sha256:d5c871cb9360b414f981e7072c52c33258d598305280fef91c6cae34739d65d5"},
]
joblib = [
    {file = "joblib-0.14.1-py2.py3-none-any.whl", hash = "sha256:bdb4fd9b72915ffb49fde2229ce482dd7ae79d842ed8c2b4c932441495af1403"},
    {file = "joblib-0.14.1.tar.gz", hash = "sha256:0630eea4f5664c463f23fbf5dcfc54a2bc6168902719fa8e19daf033022786c8"},
]
"mega.py" = [
    {file = "mega.py-1.0.6-py2.py3-none-any.whl", hash = "sha256:d68a60410a4590e0e548874e4bdc9c2a059ebf96d98a67086f6c6d68352e42d9"},
    {file = "mega.py-1.0.6.tar.gz", hash = "sha256:93ed1181ba2f1c8ea6d88f6909383b34d3d65042ed128bfd62d2d583f9923003"},
]
mido = [
    {file = "mido-1.2.9-py2.py3-none-any.whl", hash = "sha256:fc6364efa028c8405166f63e6a83cbc6c17aaeac2c28680abe64ae48703a89dd"},
    {file = "mido-1.2.9.tar.gz", hash = "sha256:c4a7d5528fefa3d3dcaa2056d4bc873e2c96a395658d15af5a89c8c3fa7c7acc"},
]
numpy = [
    {file = "numpy-1.18.1-cp35-cp35m-macosx_10_6_intel.whl", hash = "sha256:20b26aaa5b3da029942cdcce719b363dbe58696ad182aff0e5dcb1687ec946dc"},
    {file = "numpy-1.18.1-cp35-cp35m-manylinux1_i686.whl", hash = "sha256:70a840a26f4e61defa7bdf811d7498a284ced303dfbc35acb7be12a39b2aa121"},
    {file = "numpy-1.18.1-cp35-cp35m-manylinux1_x86_64.whl", hash = "sha256:17aa7a81fe7599a10f2b7d95856dc5cf84a4eefa45bc96123cbbc3ebc568994e"},
    {file = "numpy-1.18.1-cp35-cp35m-win32.whl", hash = "sha256:f3d0a94ad151870978fb93538e95411c83899c9dc63e6fb65542f769568ecfa5"},
    {file = "numpy-1.18.1-cp35-cp35m-win_amd64.whl", hash = "sha256:1786a08236f2c92ae0e70423c45e1e62788ed33028f94ca99c4df03f5be6b3c6"},
    {file = "numpy-1.18.1-cp36-cp36m-macosx_10_9_x86_64.whl", hash = "sha256:ae0975f42ab1f28364dcda3dde3cf6c1ddab3e1d4b2909da0cb0191fa9ca0480"},
    {file = "numpy-1.18.1-cp36-cp36m-manylinux1_i686.whl", hash = "sha256:cf7eb6b1025d3e169989416b1adcd676624c2dbed9e3bcb7137f51bfc8cc2572"},
    {file = "numpy-1.18.1-cp36-cp36m-manylinux1_x86_64.whl", hash = "sha256:b765ed3930b92812aa698a455847141869ef755a87e099fddd4ccf9d81fffb57"},
    {file = "numpy-1.18.1-cp36-cp36m-win32.whl", hash = "sha256:2d75908ab3ced4223ccba595b48e538afa5ecc37405923d1fea6906d7c3a50bc"},
    {file = "numpy-1.18.1-cp36-cp36m-win_amd64.whl", hash = "sha256:9acdf933c1fd263c513a2df3dceecea6f3ff4419d80bf238510976bf9bcb26cd"},
    {file = "numpy-1.18.1-cp37-cp37m-macosx_10_9_x86_64.whl", hash = "sha256:56bc8ded6fcd9adea90f65377438f9fea8c05fcf7c5ba766bef258d0da1554aa"},
    {file = "numpy-1.18.1-cp37-cp37m-manylinux1_i686.whl", hash = "sha256:e422c3152921cece8b6a2fb6b0b4d73b6579bd20ae075e7d15143e711f3ca2ca"},
    {file = "numpy-1.18.1-cp37-cp37m-manylinux1_x86_64.whl", hash = "sha256:b3af02ecc999c8003e538e60c89a2b37646b39b688d4e44d7373e11c2debabec"},
    {file = "numpy-1.18.1-cp37-cp37m-win32.whl", hash = "sha256:d92350c22b150c1cae7ebb0ee8b5670cc84848f6359cf6b5d8f86617098a9b73"},
    {file = "numpy-1.18.1-cp37-cp37m-win_amd64.whl", hash = "sha256:77c3bfe65d8560487052ad55c6998a04b654c2fbc36d546aef2b2e511e760971"},
    {file = "numpy-1.18.1-cp38-cp38-macosx_10_9_x86_64.whl", hash = "sha256:c98c5ffd7d41611407a1103ae11c8b634ad6a43606eca3e2a5a269e5d6e8eb07"},
    {file = "numpy-1.18.1-cp38-cp38-manylinux1_i686.whl", hash = "sha256:9537eecf179f566fd1c160a2e912ca0b8e02d773af0a7a1120ad4f7507cd0d26"},
    {file = "numpy-1.18.1-cp38-cp38-manylinux1_x86_64.whl", hash = "sha256:e840f552a509e3380b0f0ec977e8124d0dc34dc0e68289ca28f4d7c1d0d79474"},
    {file = "numpy-1.18.1-cp38-cp38-win32.whl", hash = "sha256:590355aeade1a2eaba17617c19edccb7db8d78760175256e3cf94590a1a964f3"},
    {file = "numpy-1.18.1-cp38-cp38-win_amd64.whl", hash = "sha256:39d2c685af15d3ce682c99ce5925cc66efc824652e10990d2462dfe9b8918c6a"},
    {file = "numpy-1.18.1.zip", hash = "sha256:b6ff59cee96b454516e47e7721098e6ceebef435e3e21ac2d6c3b8b02628eb77"},
]
parso = [
    {file = "parso-0.6.2-py2.py3-none-any.whl", hash = "sha256:8515fc12cfca6ee3aa59138741fc5624d62340c97e401c74875769948d4f2995"},
    {file = "parso-0.6.2.tar.gz", hash = "sha256:0c5659e0c6eba20636f99a04f469798dca8da279645ce5c387315b2c23912157"},
]
pathlib = [
    {file = "pathlib-1.0.1.tar.gz", hash = "sha256:6940718dfc3eff4258203ad5021090933e5c04707d5ca8cc9e73c94a7894ea9f"},
]
pexpect = [
    {file = "pexpect-4.8.0-py2.py3-none-any.whl", hash = "sha256:0b48a55dcb3c05f3329815901ea4fc1537514d6ba867a152b581d69ae3710937"},
    {file = "pexpect-4.8.0.tar.gz", hash = "sha256:fc65a43959d153d0114afe13997d439c22823a27cefceb5ff35c2178c6784c0c"},
]
pickleshare = [
    {file = "pickleshare-0.7.5-py2.py3-none-any.whl", hash = "sha256:9649af414d74d4df115d5d718f82acb59c9d418196b7b4290ed47a12ce62df56"},
    {file = "pickleshare-0.7.5.tar.gz", hash = "sha256:87683d47965c1da65cdacaf31c8441d12b8044cdec9aca500cd78fc2c683afca"},
]
plotly = [
    {file = "plotly-4.5.2-py2.py3-none-any.whl", hash = "sha256:9132cf7c0b0840653317b33f73cdb7d7f07e75cdf7456b5fceb5e4188f5805ad"},
    {file = "plotly-4.5.2.tar.gz", hash = "sha256:742e2de326199dd704f8bb0c1cae96a5f75ff8f383c035bfb461f347612354a5"},
]
pretty-midi = [
    {file = "pretty_midi-0.2.8.tar.gz", hash = "sha256:1246439dd74c31abbe2f7a3aef3d28620b1882ece635f0baf88e2c1b491f1432"},
]
prompt-toolkit = [
    {file = "prompt_toolkit-3.0.3-py3-none-any.whl", hash = "sha256:c93e53af97f630f12f5f62a3274e79527936ed466f038953dfa379d4941f651a"},
    {file = "prompt_toolkit-3.0.3.tar.gz", hash = "sha256:a402e9bf468b63314e37460b68ba68243d55b2f8c4d0192f85a019af3945050e"},
]
ptyprocess = [
    {file = "ptyprocess-0.6.0-py2.py3-none-any.whl", hash = "sha256:d7cc528d76e76342423ca640335bd3633420dc1366f258cb31d05e865ef5ca1f"},
    {file = "ptyprocess-0.6.0.tar.gz", hash = "sha256:923f299cc5ad920c68f2bc0bc98b75b9f838b93b599941a6b63ddbc2476394c0"},
]
pycryptodome = [
    {file = "pycryptodome-3.9.7-cp27-cp27m-macosx_10_6_intel.whl", hash = "sha256:0e10f352ccbbcb5bb2dc4ecaf106564e65702a717d72ab260f9ac4c19753cfc2"},
    {file = "pycryptodome-3.9.7-cp27-cp27m-manylinux1_i686.whl", hash = "sha256:9c739b7795ccf2ef1fdad8d44e539a39ad300ee6786e804ea7f0c6a786eb5343"},
    {file = "pycryptodome-3.9.7-cp27-cp27m-manylinux1_x86_64.whl", hash = "sha256:9977086e0f93adb326379897437373871b80501e1d176fec63c7f46fb300c862"},
    {file = "pycryptodome-3.9.7-cp27-cp27m-win32.whl", hash = "sha256:83295a3fb5cf50c48631eb5b440cb5e9832d8c14d81d1d45f4497b67a9987de8"},
    {file = "pycryptodome-3.9.7-cp27-cp27m-win_amd64.whl", hash = "sha256:b1e332587b3b195542e77681389c296e1837ca01240399d88803a075447d3557"},
    {file = "pycryptodome-3.9.7-cp27-cp27mu-manylinux1_i686.whl", hash = "sha256:9378c309aec1f8cd8bad361ed0816a440151b97a2a3f6ffdaba1d1a1fb76873a"},
    {file = "pycryptodome-3.9.7-cp27-cp27mu-manylinux1_x86_64.whl", hash = "sha256:d4f94368ce2d65873a87ad867eb3bf63f4ba81eb97a9ee66d38c2b71ce5a7439"},
    {file = "pycryptodome-3.9.7-cp34-cp34m-manylinux1_i686.whl", hash = "sha256:f655addaaaa9974108d4808f4150652589cada96074c87115c52e575bfcd87d5"},
    {file = "pycryptodome-3.9.7-cp34-cp34m-manylinux1_x86_64.whl", hash = "sha256:9a94fca11fdc161460bd8659c15b6adef45c1b20da86402256eaf3addfaab324"},
    {file = "pycryptodome-3.9.7-cp35-cp35m-macosx_10_6_intel.whl", hash = "sha256:ea83bcd9d6c03248ebd46e71ac313858e0afd5aa2fa81478c0e653242f3eb476"},
    {file = "pycryptodome-3.9.7-cp35-cp35m-manylinux1_i686.whl", hash = "sha256:07024fc364869eae8d6ac0d316e089956e6aeffe42dbdcf44fe1320d96becf7f"},
    {file = "pycryptodome-3.9.7-cp35-cp35m-manylinux1_x86_64.whl", hash = "sha256:426c188c83c10df71f053e04b4003b1437bae5cb37606440e498b00f160d71d0"},
    {file = "pycryptodome-3.9.7-cp35-cp35m-win32.whl", hash = "sha256:d61b012baa8c2b659e9890011358455c0019a4108536b811602d2f638c40802a"},
    {file = "pycryptodome-3.9.7-cp35-cp35m-win_amd64.whl", hash = "sha256:1f4752186298caf2e9ff5354f2e694d607ca7342aa313a62005235d46e28cf04"},
    {file = "pycryptodome-3.9.7-cp36-cp36m-macosx_10_6_intel.whl", hash = "sha256:767ad0fb5d23efc36a4d5c2fc608ac603f3de028909bcf59abc943e0d0bc5a36"},
    {file = "pycryptodome-3.9.7-cp36-cp36m-manylinux1_i686.whl", hash = "sha256:2fbc472e0b567318fe2052281d5a8c0ae70099b446679815f655e9fbc18c3a65"},
    {file = "pycryptodome-3.9.7-cp36-cp36m-manylinux1_x86_64.whl", hash = "sha256:9230fcb5d948c3fb40049bace4d33c5d254f8232c2c0bba05d2570aea3ba4520"},
    {file = "pycryptodome-3.9.7-cp36-cp36m-win32.whl", hash = "sha256:8f06556a8f7ea7b1e42eff39726bb0dca1c251205debae64e6eebea3cd7b438a"},
    {file = "pycryptodome-3.9.7-cp36-cp36m-win_amd64.whl", hash = "sha256:d6e1bc5c94873bec742afe2dfadce0d20445b18e75c47afc0c115b19e5dd38dd"},
    {file = "pycryptodome-3.9.7-cp37-cp37m-macosx_10_6_intel.whl", hash = "sha256:3ec3dc2f80f71fd0c955ce48b81bfaf8914c6f63a41a738f28885a1c4892968a"},
    {file = "pycryptodome-3.9.7-cp37-cp37m-manylinux1_i686.whl", hash = "sha256:cff31f5a8977534f255f729d5d2467526f2b10563a30bbdade92223e0bf264bd"},
    {file = "pycryptodome-3.9.7-cp37-cp37m-manylinux1_x86_64.whl", hash = "sha256:ed5761b37615a1f222c5345bbf45272ae2cf8c7dff88a4f53a1e9f977cbb6d95"},
    {file = "pycryptodome-3.9.7-cp37-cp37m-win32.whl", hash = "sha256:f011cd0062e54658b7086a76f8cf0f4222812acc66e219e196ea2d0a8849d0ed"},
    {file = "pycryptodome-3.9.7-cp37-cp37m-win_amd64.whl", hash = "sha256:626c0a1d4d83ec6303f970a17158114f75c3ba1736f7f2983f7b40a265861bd8"},
    {file = "pycryptodome-3.9.7-cp38-cp38-macosx_10_9_x86_64.whl", hash = "sha256:8be56bde3312e022d9d1d6afa124556460ad5c844c2fc63642f6af723c098d35"},
    {file = "pycryptodome-3.9.7-cp38-cp38-manylinux1_i686.whl", hash = "sha256:c818dc1f3eace93ee50c2b6b5c2becf7c418fa5dd1ba6fc0ef7db279ea21d5e4"},
    {file = "pycryptodome-3.9.7-cp38-cp38-manylinux1_x86_64.whl", hash = "sha256:09b6d6bcc01a4eb1a2b4deeff5aa602a108ec5aed8ac75ae554f97d1d7f0a5ad"},
    {file = "pycryptodome-3.9.7-cp38-cp38-win32.whl", hash = "sha256:7ac729d9091ed5478af2b4a4f44f5335a98febbc008af619e4569a59fe503e40"},
    {file = "pycryptodome-3.9.7-cp38-cp38-win_amd64.whl", hash = "sha256:c109a26a21f21f695d369ff9b87f5d43e0d6c768d8384e10bc74142bed2e092e"},
    {file = "pycryptodome-3.9.7.tar.gz", hash = "sha256:f1add21b6d179179b3c177c33d18a2186a09cc0d3af41ff5ed3f377360b869f2"},
]
pyfiglet = [
    {file = "pyfiglet-0.8.post1-py2.py3-none-any.whl", hash = "sha256:d555bcea17fbeaf70eaefa48bb119352487e629c9b56f30f383e2c62dd67a01c"},
    {file = "pyfiglet-0.8.post1.tar.gz", hash = "sha256:c6c2321755d09267b438ec7b936825a4910fec696292139e664ca8670e103639"},
]
pygments = [
    {file = "Pygments-2.5.2-py2.py3-none-any.whl", hash = "sha256:2a3fe295e54a20164a9df49c75fa58526d3be48e14aceba6d6b1e8ac0bfd6f1b"},
    {file = "Pygments-2.5.2.tar.gz", hash = "sha256:98c8aa5a9f778fcd1026a17361ddaf7330d1b7c62ae97c3bb0ae73e0b9b6b0fe"},
]
pyyaml = [
    {file = "PyYAML-5.3-cp27-cp27m-win32.whl", hash = "sha256:940532b111b1952befd7db542c370887a8611660d2b9becff75d39355303d82d"},
    {file = "PyYAML-5.3-cp27-cp27m-win_amd64.whl", hash = "sha256:059b2ee3194d718896c0ad077dd8c043e5e909d9180f387ce42012662a4946d6"},
    {file = "PyYAML-5.3-cp35-cp35m-win32.whl", hash = "sha256:4fee71aa5bc6ed9d5f116327c04273e25ae31a3020386916905767ec4fc5317e"},
    {file = "PyYAML-5.3-cp35-cp35m-win_amd64.whl", hash = "sha256:dbbb2379c19ed6042e8f11f2a2c66d39cceb8aeace421bfc29d085d93eda3689"},
    {file = "PyYAML-5.3-cp36-cp36m-win32.whl", hash = "sha256:e3a057b7a64f1222b56e47bcff5e4b94c4f61faac04c7c4ecb1985e18caa3994"},
    {file = "PyYAML-5.3-cp36-cp36m-win_amd64.whl", hash = "sha256:74782fbd4d4f87ff04159e986886931456a1894c61229be9eaf4de6f6e44b99e"},
    {file = "PyYAML-5.3-cp37-cp37m-win32.whl", hash = "sha256:24521fa2890642614558b492b473bee0ac1f8057a7263156b02e8b14c88ce6f5"},
    {file = "PyYAML-5.3-cp37-cp37m-win_amd64.whl", hash = "sha256:1cf708e2ac57f3aabc87405f04b86354f66799c8e62c28c5fc5f88b5521b2dbf"},
    {file = "PyYAML-5.3-cp38-cp38-win32.whl", hash = "sha256:70024e02197337533eef7b85b068212420f950319cc8c580261963aefc75f811"},
    {file = "PyYAML-5.3-cp38-cp38-win_amd64.whl", hash = "sha256:cb1f2f5e426dc9f07a7681419fe39cee823bb74f723f36f70399123f439e9b20"},
    {file = "PyYAML-5.3.tar.gz", hash = "sha256:e9f45bd5b92c7974e59bcd2dcc8631a6b6cc380a904725fce7bc08872e691615"},
]
requests = [
    {file = "requests-2.23.0-py2.py3-none-any.whl", hash = "sha256:43999036bfa82904b6af1d99e4882b560e5e2c68e5c4b0aa03b655f3d7d73fee"},
    {file = "requests-2.23.0.tar.gz", hash = "sha256:b3f43d496c6daba4493e7c431722aeb7dbc6288f52a6e04e7b6023b0247817e6"},
]
retrying = [
    {file = "retrying-1.3.3.tar.gz", hash = "sha256:08c039560a6da2fe4f2c426d0766e284d3b736e355f8dd24b37367b0bb41973b"},
]
scikit-learn = [
    {file = "scikit_learn-0.22.2-cp36-cp36m-macosx_10_9_x86_64.whl", hash = "sha256:c3be9ec4ec1af862864b9ffc9ec429de9fa28119e9fb88c542fefce8e31cadd3"},
    {file = "scikit_learn-0.22.2-cp36-cp36m-manylinux1_i686.whl", hash = "sha256:13cdde64430bb48c8ac7a36244f3b4b2ddded8d3b207af317e460a593f566c69"},
    {file = "scikit_learn-0.22.2-cp36-cp36m-manylinux1_x86_64.whl", hash = "sha256:bc8b37ca0de794838376cffddab69a46a9a54c4330800ea1f93cab61ca67dfa3"},
    {file = "scikit_learn-0.22.2-cp36-cp36m-win32.whl", hash = "sha256:045702fc87c7c022daac10e52f8cea355e28c7ecacf142820f49605f956d0fca"},
    {file = "scikit_learn-0.22.2-cp36-cp36m-win_amd64.whl", hash = "sha256:af7649de54d3a5bf7dbc79430fb6ecb5c983c9d1521012800cd06276bc82062a"},
    {file = "scikit_learn-0.22.2-cp37-cp37m-macosx_10_9_x86_64.whl", hash = "sha256:5cd163b69d0f7f0ea6405dcb4eb9c96d40dc2a4798c9aef6a607482d0cc6e9d0"},
    {file = "scikit_learn-0.22.2-cp37-cp37m-manylinux1_i686.whl", hash = "sha256:c54086447dafc62a2c8887abe48d048ba34e17f34b6ad6199c250a29e016c8b7"},
    {file = "scikit_learn-0.22.2-cp37-cp37m-manylinux1_x86_64.whl", hash = "sha256:f827963b0fc5c08152a4f2c32a91b9ba63254f395420a10a731b9d1b0c2977f8"},
    {file = "scikit_learn-0.22.2-cp37-cp37m-win32.whl", hash = "sha256:1931bd555497cc98a919bfc25a29c100a539f708e424f4389bb414402b777079"},
    {file = "scikit_learn-0.22.2-cp37-cp37m-win_amd64.whl", hash = "sha256:1527c8a7ab2cbd0fe27801eb3bcd5df30646f4b22b7eb445eff69096ed35bd6f"},
    {file = "scikit_learn-0.22.2-cp38-cp38-macosx_10_9_x86_64.whl", hash = "sha256:6caaa33e9ce65bd949efdb1cd6b6b225ae79c85f84d725fc9e47063e7c024567"},
    {file = "scikit_learn-0.22.2-cp38-cp38-manylinux1_i686.whl", hash = "sha256:e6994e41e6df39ea4603b00e0b328689bbcdee53b50a18fce5e4451949064fd1"},
    {file = "scikit_learn-0.22.2-cp38-cp38-manylinux1_x86_64.whl", hash = "sha256:3e726678a175ff0ddeb841297893881fdb6c0e9263a9e340dca0c7bc71b4311f"},
    {file = "scikit_learn-0.22.2-cp38-cp38-win32.whl", hash = "sha256:f18a243c52d38f192e21b82e6147bfc2ddfeddb172c109530f68100c21b8c606"},
    {file = "scikit_learn-0.22.2-cp38-cp38-win_amd64.whl", hash = "sha256:2019a7a1c27a013cf5ecea4e784f1f1cbdb978907baa888e5015fa9ed1d992e6"},
]
scipy = [
    {file = "scipy-1.4.1-cp35-cp35m-macosx_10_6_intel.whl", hash = "sha256:c5cac0c0387272ee0e789e94a570ac51deb01c796b37fb2aad1fb13f85e2f97d"},
    {file = "scipy-1.4.1-cp35-cp35m-manylinux1_i686.whl", hash = "sha256:a144811318853a23d32a07bc7fd5561ff0cac5da643d96ed94a4ffe967d89672"},
    {file = "scipy-1.4.1-cp35-cp35m-manylinux1_x86_64.whl", hash = "sha256:71eb180f22c49066f25d6df16f8709f215723317cc951d99e54dc88020ea57be"},
    {file = "scipy-1.4.1-cp35-cp35m-win32.whl", hash = "sha256:770254a280d741dd3436919d47e35712fb081a6ff8bafc0f319382b954b77802"},
    {file = "scipy-1.4.1-cp35-cp35m-win_amd64.whl", hash = "sha256:a1aae70d52d0b074d8121333bc807a485f9f1e6a69742010b33780df2e60cfe0"},
    {file = "scipy-1.4.1-cp36-cp36m-macosx_10_6_intel.whl", hash = "sha256:bb517872058a1f087c4528e7429b4a44533a902644987e7b2fe35ecc223bc408"},
    {file = "scipy-1.4.1-cp36-cp36m-manylinux1_i686.whl", hash = "sha256:dba8306f6da99e37ea08c08fef6e274b5bf8567bb094d1dbe86a20e532aca088"},
    {file = "scipy-1.4.1-cp36-cp36m-manylinux1_x86_64.whl", hash = "sha256:386086e2972ed2db17cebf88610aab7d7f6e2c0ca30042dc9a89cf18dcc363fa"},
    {file = "scipy-1.4.1-cp36-cp36m-win32.whl", hash = "sha256:8d3bc3993b8e4be7eade6dcc6fd59a412d96d3a33fa42b0fa45dc9e24495ede9"},
    {file = "scipy-1.4.1-cp36-cp36m-win_amd64.whl", hash = "sha256:dc60bb302f48acf6da8ca4444cfa17d52c63c5415302a9ee77b3b21618090521"},
    {file = "scipy-1.4.1-cp37-cp37m-macosx_10_6_intel.whl", hash = "sha256:787cc50cab3020a865640aba3485e9fbd161d4d3b0d03a967df1a2881320512d"},
    {file = "scipy-1.4.1-cp37-cp37m-manylinux1_i686.whl", hash = "sha256:0902a620a381f101e184a958459b36d3ee50f5effd186db76e131cbefcbb96f7"},
    {file = "scipy-1.4.1-cp37-cp37m-manylinux1_x86_64.whl", hash = "sha256:00af72998a46c25bdb5824d2b729e7dabec0c765f9deb0b504f928591f5ff9d4"},
    {file = "scipy-1.4.1-cp37-cp37m-win32.whl", hash = "sha256:9508a7c628a165c2c835f2497837bf6ac80eb25291055f56c129df3c943cbaf8"},
    {file = "scipy-1.4.1-cp37-cp37m-win_amd64.whl", hash = "sha256:a2d6df9eb074af7f08866598e4ef068a2b310d98f87dc23bd1b90ec7bdcec802"},
    {file = "scipy-1.4.1-cp38-cp38-macosx_10_9_x86_64.whl", hash = "sha256:3092857f36b690a321a662fe5496cb816a7f4eecd875e1d36793d92d3f884073"},
    {file = "scipy-1.4.1-cp38-cp38-manylinux1_i686.whl", hash = "sha256:8a07760d5c7f3a92e440ad3aedcc98891e915ce857664282ae3c0220f3301eb6"},
    {file = "scipy-1.4.1-cp38-cp38-manylinux1_x86_64.whl", hash = "sha256:1e3190466d669d658233e8a583b854f6386dd62d655539b77b3fa25bfb2abb70"},
    {file = "scipy-1.4.1-cp38-cp38-win32.whl", hash = "sha256:cc971a82ea1170e677443108703a2ec9ff0f70752258d0e9f5433d00dda01f59"},
    {file = "scipy-1.4.1-cp38-cp38-win_amd64.whl", hash = "sha256:2cce3f9847a1a51019e8c5b47620da93950e58ebc611f13e0d11f4980ca5fecb"},
    {file = "scipy-1.4.1.tar.gz", hash = "sha256:dee1bbf3a6c8f73b6b218cb28eed8dd13347ea2f87d572ce19b289d6fd3fbc59"},
]
six = [
    {file = "six-1.14.0-py2.py3-none-any.whl", hash = "sha256:8f3cd2e254d8f793e7f3d6d9df77b92252b52637291d0f0da013c76ea2724b6c"},
    {file = "six-1.14.0.tar.gz", hash = "sha256:236bdbdce46e6e6a3d61a337c0f8b763ca1e8717c03b369e87a7ec7ce1319c0a"},
]
snoop = [
    {file = "snoop-0.2.4.tar.gz", hash = "sha256:89a60f95fac717cd7e4af7674478c6c31d33e40a159452a6db7c609993e535c9"},
]
soupsieve = [
    {file = "soupsieve-2.0-py2.py3-none-any.whl", hash = "sha256:fcd71e08c0aee99aca1b73f45478549ee7e7fc006d51b37bec9e9def7dc22b69"},
    {file = "soupsieve-2.0.tar.gz", hash = "sha256:e914534802d7ffd233242b785229d5ba0766a7f487385e3f714446a07bf540ae"},
]
tenacity = [
    {file = "tenacity-5.1.5-py2.py3-none-any.whl", hash = "sha256:3a916e734559f1baa2cab965ee00061540c41db71c3bf25375b81540a19758fc"},
    {file = "tenacity-5.1.5.tar.gz", hash = "sha256:e664bd94f088b17f46da33255ae33911ca6a0fe04b156d334b601a4ef66d3c5f"},
]
traitlets = [
    {file = "traitlets-4.3.3-py2.py3-none-any.whl", hash = "sha256:70b4c6a1d9019d7b4f6846832288f86998aa3b9207c6821f3578a6a6a467fe44"},
    {file = "traitlets-4.3.3.tar.gz", hash = "sha256:d023ee369ddd2763310e4c3eae1ff649689440d4ae59d7485eb4cfbbe3e359f7"},
]
urllib3 = [
    {file = "urllib3-1.25.8-py2.py3-none-any.whl", hash = "sha256:2f3db8b19923a873b3e5256dc9c2dedfa883e33d87c690d9c7913e1f40673cdc"},
    {file = "urllib3-1.25.8.tar.gz", hash = "sha256:87716c2d2a7121198ebcb7ce7cccf6ce5e9ba539041cfbaeecfb641dc0bf6acc"},
]
wcwidth = [
    {file = "wcwidth-0.1.8-py2.py3-none-any.whl", hash = "sha256:8fd29383f539be45b20bd4df0dc29c20ba48654a41e661925e612311e9f3c603"},
    {file = "wcwidth-0.1.8.tar.gz", hash = "sha256:f28b3e8a6483e5d49e7f8949ac1a78314e740333ae305b4ba5defd3e74fb37a8"},
]
